
Microsoft Visual Studio Solution File, Format Version 12.00
# Visual Studio 15
VisualStudioVersion = 15.0.27703.2042
MinimumVisualStudioVersion = 10.0.40219.1
Project("{FAE04EC0-301F-11D3-BF4B-00C04F79EFBC}") = "CalcArea", "CalcArea\CalcArea.csproj", "{20675E84-14FF-4E7F-B2BB-C4C7CC759918}"
EndProject
Project("{FAE04EC0-301F-11D3-BF4B-00C04F79EFBC}") = "Test", "Test\Test.csproj", "{6FF0B01F-F96F-4EE0-960D-9319BE551C71}"
EndProject
Global
	GlobalSection(SolutionConfigurationPlatforms) = preSolution
		Debug|Any CPU = Debug|Any CPU
		Release|Any CPU = Release|Any CPU
	EndGlobalSection
	GlobalSection(ProjectConfigurationPlatforms) = postSolution
		{20675E84-14FF-4E7F-B2BB-C4C7CC759918}.Debug|Any CPU.ActiveCfg = Debug|Any CPU
		{20675E84-14FF-4E7F-B2BB-C4C7CC759918}.Debug|Any CPU.Build.0 = Debug|Any CPU
		{20675E84-14FF-4E7F-B2BB-C4C7CC759918}.Release|Any CPU.ActiveCfg = Release|Any CPU
		{20675E84-14FF-4E7F-B2BB-C4C7CC759918}.Release|Any CPU.Build.0 = Release|Any CPU
		{6FF0B01F-F96F-4EE0-960D-9319BE551C71}.Debug|Any CPU.ActiveCfg = Debug|Any CPU
		{6FF0B01F-F96F-4EE0-960D-9319BE551C71}.Debug|Any CPU.Build.0 = Debug|Any CPU
		{6FF0B01F-F96F-4EE0-960D-9319BE551C71}.Release|Any CPU.ActiveCfg = Release|Any CPU
		{6FF0B01F-F96F-4EE0-960D-9319BE551C71}.Release|Any CPU.Build.0 = Release|Any CPU
	EndGlobalSection
	GlobalSection(SolutionProperties) = preSolution
		HideSolutionNode = FALSE
	EndGlobalSection
	GlobalSection(ExtensibilityGlobals) = postSolution
		SolutionGuid = {4F26D8DC-2AC0-4536-BEF1-AD52DDF5FB5E}
	EndGlobalSection
EndGlobal
